// !$*UTF8*$!
{
	archiveVersion = 1;
	classes = {
	};
	objectVersion = 50;
	objects = {

/* Begin PBXBuildFile section */
		396C039D8E2B6E8D71BF22C5 /* Pods_ComparisonOfMetalAndOpenCV.framework in Frameworks */ = {isa = PBXBuildFile; fileRef = 3710A870B8690447BF2DE2F1 /* Pods_ComparisonOfMetalAndOpenCV.framework */; };
		9CD2B626213A33140016CE9B /* AppDelegate.swift in Sources */ = {isa = PBXBuildFile; fileRef = 9CD2B625213A33140016CE9B /* AppDelegate.swift */; };
		9CD2B628213A33140016CE9B /* ControlPanelTableViewController.swift in Sources */ = {isa = PBXBuildFile; fileRef = 9CD2B627213A33140016CE9B /* ControlPanelTableViewController.swift */; };
		9CD2B62B213A33140016CE9B /* Main.storyboard in Resources */ = {isa = PBXBuildFile; fileRef = 9CD2B629213A33140016CE9B /* Main.storyboard */; };
		9CD2B62D213A33150016CE9B /* Assets.xcassets in Resources */ = {isa = PBXBuildFile; fileRef = 9CD2B62C213A33150016CE9B /* Assets.xcassets */; };
		9CD2B630213A33150016CE9B /* LaunchScreen.storyboard in Resources */ = {isa = PBXBuildFile; fileRef = 9CD2B62E213A33150016CE9B /* LaunchScreen.storyboard */; };
		9CD2B63B213A33160016CE9B /* ComparisonOfMetalAndOpenCVTests.swift in Sources */ = {isa = PBXBuildFile; fileRef = 9CD2B63A213A33160016CE9B /* ComparisonOfMetalAndOpenCVTests.swift */; };
		9CD2B646213A33160016CE9B /* ComparisonOfMetalAndOpenCVUITests.swift in Sources */ = {isa = PBXBuildFile; fileRef = 9CD2B645213A33160016CE9B /* ComparisonOfMetalAndOpenCVUITests.swift */; };
		9CD2B659213A377C0016CE9B /* OpenCVFunctions.mm in Sources */ = {isa = PBXBuildFile; fileRef = 9CD2B658213A377C0016CE9B /* OpenCVFunctions.mm */; };
		9CD2B660213A3A310016CE9B /* OpenCVDataStore.swift in Sources */ = {isa = PBXBuildFile; fileRef = 9CD2B65F213A3A310016CE9B /* OpenCVDataStore.swift */; };
		9CD2B662213A3A770016CE9B /* MetalShaderDataStore.swift in Sources */ = {isa = PBXBuildFile; fileRef = 9CD2B661213A3A770016CE9B /* MetalShaderDataStore.swift */; };
		9CD2B668213A3C2E0016CE9B /* ImageProcessor.swift in Sources */ = {isa = PBXBuildFile; fileRef = 9CD2B667213A3C2E0016CE9B /* ImageProcessor.swift */; };
		9CD2B66A213A3C690016CE9B /* UIViewController+AlertDialog.swift in Sources */ = {isa = PBXBuildFile; fileRef = 9CD2B669213A3C690016CE9B /* UIViewController+AlertDialog.swift */; };
		9CD2B66C213A3D1A0016CE9B /* ImageShader.metal in Sources */ = {isa = PBXBuildFile; fileRef = 9CD2B66B213A3D1A0016CE9B /* ImageShader.metal */; };
		9CD2B66F213A3D9E0016CE9B /* small.jpg in Resources */ = {isa = PBXBuildFile; fileRef = 9CD2B66D213A3D9E0016CE9B /* small.jpg */; };
		9CD2B670213A3D9E0016CE9B /* large.jpg in Resources */ = {isa = PBXBuildFile; fileRef = 9CD2B66E213A3D9E0016CE9B /* large.jpg */; };
		9CD2B672213A441C0016CE9B /* ControlPanelPresenter.swift in Sources */ = {isa = PBXBuildFile; fileRef = 9CD2B671213A441C0016CE9B /* ControlPanelPresenter.swift */; };
		9CD2B674213A462F0016CE9B /* ControlPanelContract.swift in Sources */ = {isa = PBXBuildFile; fileRef = 9CD2B673213A462F0016CE9B /* ControlPanelContract.swift */; };
		9CD2B678213A61070016CE9B /* ImageProcessingUseCase.swift in Sources */ = {isa = PBXBuildFile; fileRef = 9CD2B677213A61070016CE9B /* ImageProcessingUseCase.swift */; };
		A5A521FEF80A2A53557C993F /* Pods_ComparisonOfMetalAndOpenCVUITests.framework in Frameworks */ = {isa = PBXBuildFile; fileRef = 2731F4B5FF277A086F825E24 /* Pods_ComparisonOfMetalAndOpenCVUITests.framework */; };
		B9A65BFFCB9F44E0FC1231C0 /* Pods_ComparisonOfMetalAndOpenCVTests.framework in Frameworks */ = {isa = PBXBuildFile; fileRef = BEA58089F0D7DCAEB20D041C /* Pods_ComparisonOfMetalAndOpenCVTests.framework */; };
/* End PBXBuildFile section */

/* Begin PBXContainerItemProxy section */
		9CD2B637213A33160016CE9B /* PBXContainerItemProxy */ = {
			isa = PBXContainerItemProxy;
			containerPortal = 9CD2B61A213A33140016CE9B /* Project object */;
			proxyType = 1;
			remoteGlobalIDString = 9CD2B621213A33140016CE9B;
			remoteInfo = ComparisonOfMetalAndOpenCV;
		};
		9CD2B642213A33160016CE9B /* PBXContainerItemProxy */ = {
			isa = PBXContainerItemProxy;
			containerPortal = 9CD2B61A213A33140016CE9B /* Project object */;
			proxyType = 1;
			remoteGlobalIDString = 9CD2B621213A33140016CE9B;
			remoteInfo = ComparisonOfMetalAndOpenCV;
		};
/* End PBXContainerItemProxy section */

/* Begin PBXFileReference section */
		10F7A17BD4CF10DA01D94617 /* Pods-ComparisonOfMetalAndOpenCV.release.xcconfig */ = {isa = PBXFileReference; includeInIndex = 1; lastKnownFileType = text.xcconfig; name = "Pods-ComparisonOfMetalAndOpenCV.release.xcconfig"; path = "Pods/Target Support Files/Pods-ComparisonOfMetalAndOpenCV/Pods-ComparisonOfMetalAndOpenCV.release.xcconfig"; sourceTree = "<group>"; };
		2731F4B5FF277A086F825E24 /* Pods_ComparisonOfMetalAndOpenCVUITests.framework */ = {isa = PBXFileReference; explicitFileType = wrapper.framework; includeInIndex = 0; path = Pods_ComparisonOfMetalAndOpenCVUITests.framework; sourceTree = BUILT_PRODUCTS_DIR; };
		3710A870B8690447BF2DE2F1 /* Pods_ComparisonOfMetalAndOpenCV.framework */ = {isa = PBXFileReference; explicitFileType = wrapper.framework; includeInIndex = 0; path = Pods_ComparisonOfMetalAndOpenCV.framework; sourceTree = BUILT_PRODUCTS_DIR; };
		3E1C9E79825B7C6161B1DD60 /* Pods-ComparisonOfMetalAndOpenCVUITests.release.xcconfig */ = {isa = PBXFileReference; includeInIndex = 1; lastKnownFileType = text.xcconfig; name = "Pods-ComparisonOfMetalAndOpenCVUITests.release.xcconfig"; path = "Pods/Target Support Files/Pods-ComparisonOfMetalAndOpenCVUITests/Pods-ComparisonOfMetalAndOpenCVUITests.release.xcconfig"; sourceTree = "<group>"; };
		49C7743D57137AA6EC389726 /* Pods-ComparisonOfMetalAndOpenCVUITests.debug.xcconfig */ = {isa = PBXFileReference; includeInIndex = 1; lastKnownFileType = text.xcconfig; name = "Pods-ComparisonOfMetalAndOpenCVUITests.debug.xcconfig"; path = "Pods/Target Support Files/Pods-ComparisonOfMetalAndOpenCVUITests/Pods-ComparisonOfMetalAndOpenCVUITests.debug.xcconfig"; sourceTree = "<group>"; };
		9CD2B622213A33140016CE9B /* Metal and CV.app */ = {isa = PBXFileReference; explicitFileType = wrapper.application; includeInIndex = 0; path = "Metal and CV.app"; sourceTree = BUILT_PRODUCTS_DIR; };
		9CD2B625213A33140016CE9B /* AppDelegate.swift */ = {isa = PBXFileReference; lastKnownFileType = sourcecode.swift; path = AppDelegate.swift; sourceTree = "<group>"; };
		9CD2B627213A33140016CE9B /* ControlPanelTableViewController.swift */ = {isa = PBXFileReference; lastKnownFileType = sourcecode.swift; path = ControlPanelTableViewController.swift; sourceTree = "<group>"; };
		9CD2B62A213A33140016CE9B /* Base */ = {isa = PBXFileReference; lastKnownFileType = file.storyboard; name = Base; path = Base.lproj/Main.storyboard; sourceTree = "<group>"; };
		9CD2B62C213A33150016CE9B /* Assets.xcassets */ = {isa = PBXFileReference; lastKnownFileType = folder.assetcatalog; path = Assets.xcassets; sourceTree = "<group>"; };
		9CD2B62F213A33150016CE9B /* Base */ = {isa = PBXFileReference; lastKnownFileType = file.storyboard; name = Base; path = Base.lproj/LaunchScreen.storyboard; sourceTree = "<group>"; };
		9CD2B631213A33150016CE9B /* Info.plist */ = {isa = PBXFileReference; lastKnownFileType = text.plist.xml; path = Info.plist; sourceTree = "<group>"; };
		9CD2B636213A33160016CE9B /* ComparisonOfMetalAndOpenCVTests.xctest */ = {isa = PBXFileReference; explicitFileType = wrapper.cfbundle; includeInIndex = 0; path = ComparisonOfMetalAndOpenCVTests.xctest; sourceTree = BUILT_PRODUCTS_DIR; };
		9CD2B63A213A33160016CE9B /* ComparisonOfMetalAndOpenCVTests.swift */ = {isa = PBXFileReference; lastKnownFileType = sourcecode.swift; path = ComparisonOfMetalAndOpenCVTests.swift; sourceTree = "<group>"; };
		9CD2B63C213A33160016CE9B /* Info.plist */ = {isa = PBXFileReference; lastKnownFileType = text.plist.xml; path = Info.plist; sourceTree = "<group>"; };
		9CD2B641213A33160016CE9B /* ComparisonOfMetalAndOpenCVUITests.xctest */ = {isa = PBXFileReference; explicitFileType = wrapper.cfbundle; includeInIndex = 0; path = ComparisonOfMetalAndOpenCVUITests.xctest; sourceTree = BUILT_PRODUCTS_DIR; };
		9CD2B645213A33160016CE9B /* ComparisonOfMetalAndOpenCVUITests.swift */ = {isa = PBXFileReference; lastKnownFileType = sourcecode.swift; path = ComparisonOfMetalAndOpenCVUITests.swift; sourceTree = "<group>"; };
		9CD2B647213A33160016CE9B /* Info.plist */ = {isa = PBXFileReference; lastKnownFileType = text.plist.xml; path = Info.plist; sourceTree = "<group>"; };
		9CD2B653213A373B0016CE9B /* ComparisonOfMetalAndOpenCV-Bridging-Header.h */ = {isa = PBXFileReference; lastKnownFileType = sourcecode.c.h; path = "ComparisonOfMetalAndOpenCV-Bridging-Header.h"; sourceTree = "<group>"; };
		9CD2B657213A377C0016CE9B /* OpenCVFunctions.h */ = {isa = PBXFileReference; lastKnownFileType = sourcecode.c.h; path = OpenCVFunctions.h; sourceTree = "<group>"; };
		9CD2B658213A377C0016CE9B /* OpenCVFunctions.mm */ = {isa = PBXFileReference; lastKnownFileType = sourcecode.cpp.objcpp; path = OpenCVFunctions.mm; sourceTree = "<group>"; };
		9CD2B65F213A3A310016CE9B /* OpenCVDataStore.swift */ = {isa = PBXFileReference; lastKnownFileType = sourcecode.swift; path = OpenCVDataStore.swift; sourceTree = "<group>"; };
		9CD2B661213A3A770016CE9B /* MetalShaderDataStore.swift */ = {isa = PBXFileReference; lastKnownFileType = sourcecode.swift; path = MetalShaderDataStore.swift; sourceTree = "<group>"; };
		9CD2B667213A3C2E0016CE9B /* ImageProcessor.swift */ = {isa = PBXFileReference; lastKnownFileType = sourcecode.swift; path = ImageProcessor.swift; sourceTree = "<group>"; };
		9CD2B669213A3C690016CE9B /* UIViewController+AlertDialog.swift */ = {isa = PBXFileReference; lastKnownFileType = sourcecode.swift; path = "UIViewController+AlertDialog.swift"; sourceTree = "<group>"; };
		9CD2B66B213A3D1A0016CE9B /* ImageShader.metal */ = {isa = PBXFileReference; lastKnownFileType = sourcecode.metal; path = ImageShader.metal; sourceTree = "<group>"; };
		9CD2B66D213A3D9E0016CE9B /* small.jpg */ = {isa = PBXFileReference; lastKnownFileType = image.jpeg; path = small.jpg; sourceTree = "<group>"; };
		9CD2B66E213A3D9E0016CE9B /* large.jpg */ = {isa = PBXFileReference; lastKnownFileType = image.jpeg; path = large.jpg; sourceTree = "<group>"; };
		9CD2B671213A441C0016CE9B /* ControlPanelPresenter.swift */ = {isa = PBXFileReference; lastKnownFileType = sourcecode.swift; path = ControlPanelPresenter.swift; sourceTree = "<group>"; };
		9CD2B673213A462F0016CE9B /* ControlPanelContract.swift */ = {isa = PBXFileReference; lastKnownFileType = sourcecode.swift; path = ControlPanelContract.swift; sourceTree = "<group>"; };
		9CD2B677213A61070016CE9B /* ImageProcessingUseCase.swift */ = {isa = PBXFileReference; lastKnownFileType = sourcecode.swift; path = ImageProcessingUseCase.swift; sourceTree = "<group>"; };
		BC54DE2782984E2C7EF8CA93 /* Pods-ComparisonOfMetalAndOpenCVTests.debug.xcconfig */ = {isa = PBXFileReference; includeInIndex = 1; lastKnownFileType = text.xcconfig; name = "Pods-ComparisonOfMetalAndOpenCVTests.debug.xcconfig"; path = "Pods/Target Support Files/Pods-ComparisonOfMetalAndOpenCVTests/Pods-ComparisonOfMetalAndOpenCVTests.debug.xcconfig"; sourceTree = "<group>"; };
		BEA58089F0D7DCAEB20D041C /* Pods_ComparisonOfMetalAndOpenCVTests.framework */ = {isa = PBXFileReference; explicitFileType = wrapper.framework; includeInIndex = 0; path = Pods_ComparisonOfMetalAndOpenCVTests.framework; sourceTree = BUILT_PRODUCTS_DIR; };
		EB8C39A4B6291E7F52ABA66D /* Pods-ComparisonOfMetalAndOpenCVTests.release.xcconfig */ = {isa = PBXFileReference; includeInIndex = 1; lastKnownFileType = text.xcconfig; name = "Pods-ComparisonOfMetalAndOpenCVTests.release.xcconfig"; path = "Pods/Target Support Files/Pods-ComparisonOfMetalAndOpenCVTests/Pods-ComparisonOfMetalAndOpenCVTests.release.xcconfig"; sourceTree = "<group>"; };
		F846DE1B218211451B466F64 /* Pods-ComparisonOfMetalAndOpenCV.debug.xcconfig */ = {isa = PBXFileReference; includeInIndex = 1; lastKnownFileType = text.xcconfig; name = "Pods-ComparisonOfMetalAndOpenCV.debug.xcconfig"; path = "Pods/Target Support Files/Pods-ComparisonOfMetalAndOpenCV/Pods-ComparisonOfMetalAndOpenCV.debug.xcconfig"; sourceTree = "<group>"; };
/* End PBXFileReference section */

/* Begin PBXFrameworksBuildPhase section */
		9CD2B61F213A33140016CE9B /* Frameworks */ = {
			isa = PBXFrameworksBuildPhase;
			buildActionMask = 2147483647;
			files = (
				396C039D8E2B6E8D71BF22C5 /* Pods_ComparisonOfMetalAndOpenCV.framework in Frameworks */,
			);
			runOnlyForDeploymentPostprocessing = 0;
		};
		9CD2B633213A33160016CE9B /* Frameworks */ = {
			isa = PBXFrameworksBuildPhase;
			buildActionMask = 2147483647;
			files = (
				B9A65BFFCB9F44E0FC1231C0 /* Pods_ComparisonOfMetalAndOpenCVTests.framework in Frameworks */,
			);
			runOnlyForDeploymentPostprocessing = 0;
		};
		9CD2B63E213A33160016CE9B /* Frameworks */ = {
			isa = PBXFrameworksBuildPhase;
			buildActionMask = 2147483647;
			files = (
				A5A521FEF80A2A53557C993F /* Pods_ComparisonOfMetalAndOpenCVUITests.framework in Frameworks */,
			);
			runOnlyForDeploymentPostprocessing = 0;
		};
/* End PBXFrameworksBuildPhase section */

/* Begin PBXGroup section */
		1899BC369F070090715BCDC6 /* Pods */ = {
			isa = PBXGroup;
			children = (
				F846DE1B218211451B466F64 /* Pods-ComparisonOfMetalAndOpenCV.debug.xcconfig */,
				10F7A17BD4CF10DA01D94617 /* Pods-ComparisonOfMetalAndOpenCV.release.xcconfig */,
				BC54DE2782984E2C7EF8CA93 /* Pods-ComparisonOfMetalAndOpenCVTests.debug.xcconfig */,
				EB8C39A4B6291E7F52ABA66D /* Pods-ComparisonOfMetalAndOpenCVTests.release.xcconfig */,
				49C7743D57137AA6EC389726 /* Pods-ComparisonOfMetalAndOpenCVUITests.debug.xcconfig */,
				3E1C9E79825B7C6161B1DD60 /* Pods-ComparisonOfMetalAndOpenCVUITests.release.xcconfig */,
			);
			name = Pods;
			sourceTree = "<group>";
		};
		9CD2B619213A33140016CE9B = {
			isa = PBXGroup;
			children = (
				9CD2B624213A33140016CE9B /* ComparisonOfMetalAndOpenCV */,
				9CD2B639213A33160016CE9B /* ComparisonOfMetalAndOpenCVTests */,
				9CD2B644213A33160016CE9B /* ComparisonOfMetalAndOpenCVUITests */,
				9CD2B623213A33140016CE9B /* Products */,
				1899BC369F070090715BCDC6 /* Pods */,
				AC76B409F99D258039712C05 /* Frameworks */,
			);
			sourceTree = "<group>";
		};
		9CD2B623213A33140016CE9B /* Products */ = {
			isa = PBXGroup;
			children = (
				9CD2B622213A33140016CE9B /* Metal and CV.app */,
				9CD2B636213A33160016CE9B /* ComparisonOfMetalAndOpenCVTests.xctest */,
				9CD2B641213A33160016CE9B /* ComparisonOfMetalAndOpenCVUITests.xctest */,
			);
			name = Products;
			sourceTree = "<group>";
		};
		9CD2B624213A33140016CE9B /* ComparisonOfMetalAndOpenCV */ = {
			isa = PBXGroup;
			children = (
				9CD2B65C213A39640016CE9B /* Source */,
				9CD2B666213A3B640016CE9B /* Shader */,
				9CD2B664213A3AB20016CE9B /* Storyboard */,
				9CD2B665213A3AC90016CE9B /* Resource */,
				9CD2B631213A33150016CE9B /* Info.plist */,
				9CD2B62C213A33150016CE9B /* Assets.xcassets */,
			);
			path = ComparisonOfMetalAndOpenCV;
			sourceTree = "<group>";
		};
		9CD2B639213A33160016CE9B /* ComparisonOfMetalAndOpenCVTests */ = {
			isa = PBXGroup;
			children = (
				9CD2B63A213A33160016CE9B /* ComparisonOfMetalAndOpenCVTests.swift */,
				9CD2B63C213A33160016CE9B /* Info.plist */,
			);
			path = ComparisonOfMetalAndOpenCVTests;
			sourceTree = "<group>";
		};
		9CD2B644213A33160016CE9B /* ComparisonOfMetalAndOpenCVUITests */ = {
			isa = PBXGroup;
			children = (
				9CD2B645213A33160016CE9B /* ComparisonOfMetalAndOpenCVUITests.swift */,
				9CD2B647213A33160016CE9B /* Info.plist */,
			);
			path = ComparisonOfMetalAndOpenCVUITests;
			sourceTree = "<group>";
		};
		9CD2B65A213A38B90016CE9B /* Data */ = {
			isa = PBXGroup;
			children = (
				9CD2B667213A3C2E0016CE9B /* ImageProcessor.swift */,
				9CD2B65E213A39E00016CE9B /* Metal */,
				9CD2B65D213A39D70016CE9B /* OpenCV */,
			);
			path = Data;
			sourceTree = "<group>";
		};
		9CD2B65B213A394B0016CE9B /* Presentation */ = {
			isa = PBXGroup;
			children = (
				9CD2B671213A441C0016CE9B /* ControlPanelPresenter.swift */,
				9CD2B627213A33140016CE9B /* ControlPanelTableViewController.swift */,
				9CD2B669213A3C690016CE9B /* UIViewController+AlertDialog.swift */,
				9CD2B673213A462F0016CE9B /* ControlPanelContract.swift */,
			);
			path = Presentation;
			sourceTree = "<group>";
		};
		9CD2B65C213A39640016CE9B /* Source */ = {
			isa = PBXGroup;
			children = (
				9CD2B653213A373B0016CE9B /* ComparisonOfMetalAndOpenCV-Bridging-Header.h */,
				9CD2B625213A33140016CE9B /* AppDelegate.swift */,
				9CD2B65A213A38B90016CE9B /* Data */,
				9CD2B663213A3A950016CE9B /* Domain */,
				9CD2B65B213A394B0016CE9B /* Presentation */,
			);
			path = Source;
			sourceTree = "<group>";
		};
		9CD2B65D213A39D70016CE9B /* OpenCV */ = {
			isa = PBXGroup;
			children = (
				9CD2B657213A377C0016CE9B /* OpenCVFunctions.h */,
				9CD2B658213A377C0016CE9B /* OpenCVFunctions.mm */,
				9CD2B65F213A3A310016CE9B /* OpenCVDataStore.swift */,
			);
			path = OpenCV;
			sourceTree = "<group>";
		};
		9CD2B65E213A39E00016CE9B /* Metal */ = {
			isa = PBXGroup;
			children = (
				9CD2B661213A3A770016CE9B /* MetalShaderDataStore.swift */,
			);
			path = Metal;
			sourceTree = "<group>";
		};
		9CD2B663213A3A950016CE9B /* Domain */ = {
			isa = PBXGroup;
			children = (
				9CD2B677213A61070016CE9B /* ImageProcessingUseCase.swift */,
			);
			path = Domain;
			sourceTree = "<group>";
		};
		9CD2B664213A3AB20016CE9B /* Storyboard */ = {
			isa = PBXGroup;
			children = (
				9CD2B62E213A33150016CE9B /* LaunchScreen.storyboard */,
				9CD2B629213A33140016CE9B /* Main.storyboard */,
			);
			path = Storyboard;
			sourceTree = "<group>";
		};
		9CD2B665213A3AC90016CE9B /* Resource */ = {
			isa = PBXGroup;
			children = (
				9CD2B66E213A3D9E0016CE9B /* large.jpg */,
				9CD2B66D213A3D9E0016CE9B /* small.jpg */,
			);
			path = Resource;
			sourceTree = "<group>";
		};
		9CD2B666213A3B640016CE9B /* Shader */ = {
			isa = PBXGroup;
			children = (
				9CD2B66B213A3D1A0016CE9B /* ImageShader.metal */,
			);
			path = Shader;
			sourceTree = "<group>";
		};
		AC76B409F99D258039712C05 /* Frameworks */ = {
			isa = PBXGroup;
			children = (
				3710A870B8690447BF2DE2F1 /* Pods_ComparisonOfMetalAndOpenCV.framework */,
				BEA58089F0D7DCAEB20D041C /* Pods_ComparisonOfMetalAndOpenCVTests.framework */,
				2731F4B5FF277A086F825E24 /* Pods_ComparisonOfMetalAndOpenCVUITests.framework */,
			);
			name = Frameworks;
			sourceTree = "<group>";
		};
/* End PBXGroup section */

/* Begin PBXNativeTarget section */
		9CD2B621213A33140016CE9B /* ComparisonOfMetalAndOpenCV */ = {
			isa = PBXNativeTarget;
			buildConfigurationList = 9CD2B64A213A33160016CE9B /* Build configuration list for PBXNativeTarget "ComparisonOfMetalAndOpenCV" */;
			buildPhases = (
				99BDF93C1379572C17799B32 /* [CP] Check Pods Manifest.lock */,
				9CD2B61E213A33140016CE9B /* Sources */,
				9CD2B61F213A33140016CE9B /* Frameworks */,
				9CD2B620213A33140016CE9B /* Resources */,
			);
			buildRules = (
			);
			dependencies = (
			);
			name = ComparisonOfMetalAndOpenCV;
			productName = ComparisonOfMetalAndOpenCV;
			productReference = 9CD2B622213A33140016CE9B /* Metal and CV.app */;
			productType = "com.apple.product-type.application";
		};
		9CD2B635213A33160016CE9B /* ComparisonOfMetalAndOpenCVTests */ = {
			isa = PBXNativeTarget;
			buildConfigurationList = 9CD2B64D213A33160016CE9B /* Build configuration list for PBXNativeTarget "ComparisonOfMetalAndOpenCVTests" */;
			buildPhases = (
				014EBFBCDF6D5FE54DE46FAD /* [CP] Check Pods Manifest.lock */,
				9CD2B632213A33160016CE9B /* Sources */,
				9CD2B633213A33160016CE9B /* Frameworks */,
				9CD2B634213A33160016CE9B /* Resources */,
			);
			buildRules = (
			);
			dependencies = (
				9CD2B638213A33160016CE9B /* PBXTargetDependency */,
			);
			name = ComparisonOfMetalAndOpenCVTests;
			productName = ComparisonOfMetalAndOpenCVTests;
			productReference = 9CD2B636213A33160016CE9B /* ComparisonOfMetalAndOpenCVTests.xctest */;
			productType = "com.apple.product-type.bundle.unit-test";
		};
		9CD2B640213A33160016CE9B /* ComparisonOfMetalAndOpenCVUITests */ = {
			isa = PBXNativeTarget;
			buildConfigurationList = 9CD2B650213A33160016CE9B /* Build configuration list for PBXNativeTarget "ComparisonOfMetalAndOpenCVUITests" */;
			buildPhases = (
				253AC6A5E6A9304DBA992019 /* [CP] Check Pods Manifest.lock */,
				9CD2B63D213A33160016CE9B /* Sources */,
				9CD2B63E213A33160016CE9B /* Frameworks */,
				9CD2B63F213A33160016CE9B /* Resources */,
			);
			buildRules = (
			);
			dependencies = (
				9CD2B643213A33160016CE9B /* PBXTargetDependency */,
			);
			name = ComparisonOfMetalAndOpenCVUITests;
			productName = ComparisonOfMetalAndOpenCVUITests;
			productReference = 9CD2B641213A33160016CE9B /* ComparisonOfMetalAndOpenCVUITests.xctest */;
			productType = "com.apple.product-type.bundle.ui-testing";
		};
/* End PBXNativeTarget section */

/* Begin PBXProject section */
		9CD2B61A213A33140016CE9B /* Project object */ = {
			isa = PBXProject;
			attributes = {
				LastSwiftUpdateCheck = 1000;
				LastUpgradeCheck = 1000;
				ORGANIZATIONNAME = kotetu;
				TargetAttributes = {
					9CD2B621213A33140016CE9B = {
						CreatedOnToolsVersion = 10.0;
						LastSwiftMigration = 1000;
					};
					9CD2B635213A33160016CE9B = {
						CreatedOnToolsVersion = 10.0;
						TestTargetID = 9CD2B621213A33140016CE9B;
					};
					9CD2B640213A33160016CE9B = {
						CreatedOnToolsVersion = 10.0;
						TestTargetID = 9CD2B621213A33140016CE9B;
					};
				};
			};
			buildConfigurationList = 9CD2B61D213A33140016CE9B /* Build configuration list for PBXProject "ComparisonOfMetalAndOpenCV" */;
			compatibilityVersion = "Xcode 9.3";
			developmentRegion = en;
			hasScannedForEncodings = 0;
			knownRegions = (
				en,
				Base,
			);
			mainGroup = 9CD2B619213A33140016CE9B;
			productRefGroup = 9CD2B623213A33140016CE9B /* Products */;
			projectDirPath = "";
			projectRoot = "";
			targets = (
				9CD2B621213A33140016CE9B /* ComparisonOfMetalAndOpenCV */,
				9CD2B635213A33160016CE9B /* ComparisonOfMetalAndOpenCVTests */,
				9CD2B640213A33160016CE9B /* ComparisonOfMetalAndOpenCVUITests */,
			);
		};
/* End PBXProject section */

/* Begin PBXResourcesBuildPhase section */
		9CD2B620213A33140016CE9B /* Resources */ = {
			isa = PBXResourcesBuildPhase;
			buildActionMask = 2147483647;
			files = (
				9CD2B670213A3D9E0016CE9B /* large.jpg in Resources */,
				9CD2B630213A33150016CE9B /* LaunchScreen.storyboard in Resources */,
				9CD2B66F213A3D9E0016CE9B /* small.jpg in Resources */,
				9CD2B62D213A33150016CE9B /* Assets.xcassets in Resources */,
				9CD2B62B213A33140016CE9B /* Main.storyboard in Resources */,
			);
			runOnlyForDeploymentPostprocessing = 0;
		};
		9CD2B634213A33160016CE9B /* Resources */ = {
			isa = PBXResourcesBuildPhase;
			buildActionMask = 2147483647;
			files = (
			);
			runOnlyForDeploymentPostprocessing = 0;
		};
		9CD2B63F213A33160016CE9B /* Resources */ = {
			isa = PBXResourcesBuildPhase;
			buildActionMask = 2147483647;
			files = (
			);
			runOnlyForDeploymentPostprocessing = 0;
		};
/* End PBXResourcesBuildPhase section */

/* Begin PBXShellScriptBuildPhase section */
		014EBFBCDF6D5FE54DE46FAD /* [CP] Check Pods Manifest.lock */ = {
			isa = PBXShellScriptBuildPhase;
			buildActionMask = 2147483647;
			files = (
			);
			inputPaths = (
				"${PODS_PODFILE_DIR_PATH}/Podfile.lock",
				"${PODS_ROOT}/Manifest.lock",
			);
			name = "[CP] Check Pods Manifest.lock";
			outputPaths = (
				"$(DERIVED_FILE_DIR)/Pods-ComparisonOfMetalAndOpenCVTests-checkManifestLockResult.txt",
			);
			runOnlyForDeploymentPostprocessing = 0;
			shellPath = /bin/sh;
			shellScript = "diff \"${PODS_PODFILE_DIR_PATH}/Podfile.lock\" \"${PODS_ROOT}/Manifest.lock\" > /dev/null\nif [ $? != 0 ] ; then\n    # print error to STDERR\n    echo \"error: The sandbox is not in sync with the Podfile.lock. Run 'pod install' or update your CocoaPods installation.\" >&2\n    exit 1\nfi\n# This output is used by Xcode 'outputs' to avoid re-running this script phase.\necho \"SUCCESS\" > \"${SCRIPT_OUTPUT_FILE_0}\"\n";
			showEnvVarsInLog = 0;
		};
		253AC6A5E6A9304DBA992019 /* [CP] Check Pods Manifest.lock */ = {
			isa = PBXShellScriptBuildPhase;
			buildActionMask = 2147483647;
			files = (
			);
			inputPaths = (
				"${PODS_PODFILE_DIR_PATH}/Podfile.lock",
				"${PODS_ROOT}/Manifest.lock",
			);
			name = "[CP] Check Pods Manifest.lock";
			outputPaths = (
				"$(DERIVED_FILE_DIR)/Pods-ComparisonOfMetalAndOpenCVUITests-checkManifestLockResult.txt",
			);
			runOnlyForDeploymentPostprocessing = 0;
			shellPath = /bin/sh;
			shellScript = "diff \"${PODS_PODFILE_DIR_PATH}/Podfile.lock\" \"${PODS_ROOT}/Manifest.lock\" > /dev/null\nif [ $? != 0 ] ; then\n    # print error to STDERR\n    echo \"error: The sandbox is not in sync with the Podfile.lock. Run 'pod install' or update your CocoaPods installation.\" >&2\n    exit 1\nfi\n# This output is used by Xcode 'outputs' to avoid re-running this script phase.\necho \"SUCCESS\" > \"${SCRIPT_OUTPUT_FILE_0}\"\n";
			showEnvVarsInLog = 0;
		};
		99BDF93C1379572C17799B32 /* [CP] Check Pods Manifest.lock */ = {
			isa = PBXShellScriptBuildPhase;
			buildActionMask = 2147483647;
			files = (
			);
			inputPaths = (
				"${PODS_PODFILE_DIR_PATH}/Podfile.lock",
				"${PODS_ROOT}/Manifest.lock",
			);
			name = "[CP] Check Pods Manifest.lock";
			outputPaths = (
				"$(DERIVED_FILE_DIR)/Pods-ComparisonOfMetalAndOpenCV-checkManifestLockResult.txt",
			);
			runOnlyForDeploymentPostprocessing = 0;
			shellPath = /bin/sh;
			shellScript = "diff \"${PODS_PODFILE_DIR_PATH}/Podfile.lock\" \"${PODS_ROOT}/Manifest.lock\" > /dev/null\nif [ $? != 0 ] ; then\n    # print error to STDERR\n    echo \"error: The sandbox is not in sync with the Podfile.lock. Run 'pod install' or update your CocoaPods installation.\" >&2\n    exit 1\nfi\n# This output is used by Xcode 'outputs' to avoid re-running this script phase.\necho \"SUCCESS\" > \"${SCRIPT_OUTPUT_FILE_0}\"\n";
			showEnvVarsInLog = 0;
		};
/* End PBXShellScriptBuildPhase section */

/* Begin PBXSourcesBuildPhase section */
		9CD2B61E213A33140016CE9B /* Sources */ = {
			isa = PBXSourcesBuildPhase;
			buildActionMask = 2147483647;
			files = (
				9CD2B662213A3A770016CE9B /* MetalShaderDataStore.swift in Sources */,
				9CD2B628213A33140016CE9B /* ControlPanelTableViewController.swift in Sources */,
				9CD2B674213A462F0016CE9B /* ControlPanelContract.swift in Sources */,
				9CD2B668213A3C2E0016CE9B /* ImageProcessor.swift in Sources */,
				9CD2B66A213A3C690016CE9B /* UIViewController+AlertDialog.swift in Sources */,
				9CD2B66C213A3D1A0016CE9B /* ImageShader.metal in Sources */,
				9CD2B678213A61070016CE9B /* ImageProcessingUseCase.swift in Sources */,
				9CD2B626213A33140016CE9B /* AppDelegate.swift in Sources */,
				9CD2B672213A441C0016CE9B /* ControlPanelPresenter.swift in Sources */,
				9CD2B660213A3A310016CE9B /* OpenCVDataStore.swift in Sources */,
				9CD2B659213A377C0016CE9B /* OpenCVFunctions.mm in Sources */,
			);
			runOnlyForDeploymentPostprocessing = 0;
		};
		9CD2B632213A33160016CE9B /* Sources */ = {
			isa = PBXSourcesBuildPhase;
			buildActionMask = 2147483647;
			files = (
				9CD2B63B213A33160016CE9B /* ComparisonOfMetalAndOpenCVTests.swift in Sources */,
			);
			runOnlyForDeploymentPostprocessing = 0;
		};
		9CD2B63D213A33160016CE9B /* Sources */ = {
			isa = PBXSourcesBuildPhase;
			buildActionMask = 2147483647;
			files = (
				9CD2B646213A33160016CE9B /* ComparisonOfMetalAndOpenCVUITests.swift in Sources */,
			);
			runOnlyForDeploymentPostprocessing = 0;
		};
/* End PBXSourcesBuildPhase section */

/* Begin PBXTargetDependency section */
		9CD2B638213A33160016CE9B /* PBXTargetDependency */ = {
			isa = PBXTargetDependency;
			target = 9CD2B621213A33140016CE9B /* ComparisonOfMetalAndOpenCV */;
			targetProxy = 9CD2B637213A33160016CE9B /* PBXContainerItemProxy */;
		};
		9CD2B643213A33160016CE9B /* PBXTargetDependency */ = {
			isa = PBXTargetDependency;
			target = 9CD2B621213A33140016CE9B /* ComparisonOfMetalAndOpenCV */;
			targetProxy = 9CD2B642213A33160016CE9B /* PBXContainerItemProxy */;
		};
/* End PBXTargetDependency section */

/* Begin PBXVariantGroup section */
		9CD2B629213A33140016CE9B /* Main.storyboard */ = {
			isa = PBXVariantGroup;
			children = (
				9CD2B62A213A33140016CE9B /* Base */,
			);
			name = Main.storyboard;
			sourceTree = "<group>";
		};
		9CD2B62E213A33150016CE9B /* LaunchScreen.storyboard */ = {
			isa = PBXVariantGroup;
			children = (
				9CD2B62F213A33150016CE9B /* Base */,
			);
			name = LaunchScreen.storyboard;
			sourceTree = "<group>";
		};
/* End PBXVariantGroup section */

/* Begin XCBuildConfiguration section */
		9CD2B648213A33160016CE9B /* Debug */ = {
			isa = XCBuildConfiguration;
			buildSettings = {
				ALWAYS_SEARCH_USER_PATHS = NO;
				CLANG_ANALYZER_NONNULL = YES;
				CLANG_ANALYZER_NUMBER_OBJECT_CONVERSION = YES_AGGRESSIVE;
				CLANG_CXX_LANGUAGE_STANDARD = "gnu++14";
				CLANG_CXX_LIBRARY = "libc++";
				CLANG_ENABLE_MODULES = YES;
				CLANG_ENABLE_OBJC_ARC = YES;
				CLANG_ENABLE_OBJC_WEAK = YES;
				CLANG_WARN_BLOCK_CAPTURE_AUTORELEASING = YES;
				CLANG_WARN_BOOL_CONVERSION = YES;
				CLANG_WARN_COMMA = YES;
				CLANG_WARN_CONSTANT_CONVERSION = YES;
				CLANG_WARN_DEPRECATED_OBJC_IMPLEMENTATIONS = YES;
				CLANG_WARN_DIRECT_OBJC_ISA_USAGE = YES_ERROR;
				CLANG_WARN_DOCUMENTATION_COMMENTS = YES;
				CLANG_WARN_EMPTY_BODY = YES;
				CLANG_WARN_ENUM_CONVERSION = YES;
				CLANG_WARN_INFINITE_RECURSION = YES;
				CLANG_WARN_INT_CONVERSION = YES;
				CLANG_WARN_NON_LITERAL_NULL_CONVERSION = YES;
				CLANG_WARN_OBJC_IMPLICIT_RETAIN_SELF = YES;
				CLANG_WARN_OBJC_LITERAL_CONVERSION = YES;
				CLANG_WARN_OBJC_ROOT_CLASS = YES_ERROR;
				CLANG_WARN_RANGE_LOOP_ANALYSIS = YES;
				CLANG_WARN_STRICT_PROTOTYPES = YES;
				CLANG_WARN_SUSPICIOUS_MOVE = YES;
				CLANG_WARN_UNGUARDED_AVAILABILITY = YES_AGGRESSIVE;
				CLANG_WARN_UNREACHABLE_CODE = YES;
				CLANG_WARN__DUPLICATE_METHOD_MATCH = YES;
				CODE_SIGN_IDENTITY = "iPhone Developer";
				COPY_PHASE_STRIP = NO;
				DEBUG_INFORMATION_FORMAT = dwarf;
				ENABLE_STRICT_OBJC_MSGSEND = YES;
				ENABLE_TESTABILITY = YES;
				GCC_C_LANGUAGE_STANDARD = gnu11;
				GCC_DYNAMIC_NO_PIC = NO;
				GCC_NO_COMMON_BLOCKS = YES;
				GCC_OPTIMIZATION_LEVEL = 0;
				GCC_PREPROCESSOR_DEFINITIONS = (
					"DEBUG=1",
					"$(inherited)",
				);
				GCC_WARN_64_TO_32_BIT_CONVERSION = YES;
				GCC_WARN_ABOUT_RETURN_TYPE = YES_ERROR;
				GCC_WARN_UNDECLARED_SELECTOR = YES;
				GCC_WARN_UNINITIALIZED_AUTOS = YES_AGGRESSIVE;
				GCC_WARN_UNUSED_FUNCTION = YES;
				GCC_WARN_UNUSED_VARIABLE = YES;
				IPHONEOS_DEPLOYMENT_TARGET = 11.0;
				MTL_ENABLE_DEBUG_INFO = INCLUDE_SOURCE;
				MTL_FAST_MATH = YES;
				ONLY_ACTIVE_ARCH = YES;
				SDKROOT = iphoneos;
				SWIFT_ACTIVE_COMPILATION_CONDITIONS = DEBUG;
				SWIFT_OPTIMIZATION_LEVEL = "-Onone";
			};
			name = Debug;
		};
		9CD2B649213A33160016CE9B /* Release */ = {
			isa = XCBuildConfiguration;
			buildSettings = {
				ALWAYS_SEARCH_USER_PATHS = NO;
				CLANG_ANALYZER_NONNULL = YES;
				CLANG_ANALYZER_NUMBER_OBJECT_CONVERSION = YES_AGGRESSIVE;
				CLANG_CXX_LANGUAGE_STANDARD = "gnu++14";
				CLANG_CXX_LIBRARY = "libc++";
				CLANG_ENABLE_MODULES = YES;
				CLANG_ENABLE_OBJC_ARC = YES;
				CLANG_ENABLE_OBJC_WEAK = YES;
				CLANG_WARN_BLOCK_CAPTURE_AUTORELEASING = YES;
				CLANG_WARN_BOOL_CONVERSION = YES;
				CLANG_WARN_COMMA = YES;
				CLANG_WARN_CONSTANT_CONVERSION = YES;
				CLANG_WARN_DEPRECATED_OBJC_IMPLEMENTATIONS = YES;
				CLANG_WARN_DIRECT_OBJC_ISA_USAGE = YES_ERROR;
				CLANG_WARN_DOCUMENTATION_COMMENTS = YES;
				CLANG_WARN_EMPTY_BODY = YES;
				CLANG_WARN_ENUM_CONVERSION = YES;
				CLANG_WARN_INFINITE_RECURSION = YES;
				CLANG_WARN_INT_CONVERSION = YES;
				CLANG_WARN_NON_LITERAL_NULL_CONVERSION = YES;
				CLANG_WARN_OBJC_IMPLICIT_RETAIN_SELF = YES;
				CLANG_WARN_OBJC_LITERAL_CONVERSION = YES;
				CLANG_WARN_OBJC_ROOT_CLASS = YES_ERROR;
				CLANG_WARN_RANGE_LOOP_ANALYSIS = YES;
				CLANG_WARN_STRICT_PROTOTYPES = YES;
				CLANG_WARN_SUSPICIOUS_MOVE = YES;
				CLANG_WARN_UNGUARDED_AVAILABILITY = YES_AGGRESSIVE;
				CLANG_WARN_UNREACHABLE_CODE = YES;
				CLANG_WARN__DUPLICATE_METHOD_MATCH = YES;
				CODE_SIGN_IDENTITY = "iPhone Developer";
				COPY_PHASE_STRIP = NO;
				DEBUG_INFORMATION_FORMAT = "dwarf-with-dsym";
				ENABLE_NS_ASSERTIONS = NO;
				ENABLE_STRICT_OBJC_MSGSEND = YES;
				GCC_C_LANGUAGE_STANDARD = gnu11;
				GCC_NO_COMMON_BLOCKS = YES;
				GCC_WARN_64_TO_32_BIT_CONVERSION = YES;
				GCC_WARN_ABOUT_RETURN_TYPE = YES_ERROR;
				GCC_WARN_UNDECLARED_SELECTOR = YES;
				GCC_WARN_UNINITIALIZED_AUTOS = YES_AGGRESSIVE;
				GCC_WARN_UNUSED_FUNCTION = YES;
				GCC_WARN_UNUSED_VARIABLE = YES;
				IPHONEOS_DEPLOYMENT_TARGET = 11.0;
				MTL_ENABLE_DEBUG_INFO = NO;
				MTL_FAST_MATH = YES;
				SDKROOT = iphoneos;
				SWIFT_COMPILATION_MODE = wholemodule;
				SWIFT_OPTIMIZATION_LEVEL = "-O";
				VALIDATE_PRODUCT = YES;
			};
			name = Release;
		};
		9CD2B64B213A33160016CE9B /* Debug */ = {
			isa = XCBuildConfiguration;
			baseConfigurationReference = F846DE1B218211451B466F64 /* Pods-ComparisonOfMetalAndOpenCV.debug.xcconfig */;
			buildSettings = {
				ASSETCATALOG_COMPILER_APPICON_NAME = AppIcon;
				CLANG_ENABLE_MODULES = YES;
				CODE_SIGN_STYLE = Automatic;
				DEVELOPMENT_TEAM = TXFV3DH636;
				INFOPLIST_FILE = ComparisonOfMetalAndOpenCV/Info.plist;
				LD_RUNPATH_SEARCH_PATHS = (
					"$(inherited)",
					"@executable_path/Frameworks",
				);
				PRODUCT_BUNDLE_IDENTIFIER = "co.kotetu.app.sample.metal-opencv";
				PRODUCT_NAME = "Metal and CV";
				SWIFT_OBJC_BRIDGING_HEADER = "ComparisonOfMetalAndOpenCV/Source/ComparisonOfMetalAndOpenCV-Bridging-Header.h";
				SWIFT_OPTIMIZATION_LEVEL = "-Onone";
				SWIFT_VERSION = 4.2;
				TARGETED_DEVICE_FAMILY = "1,2";
			};
			name = Debug;
		};
		9CD2B64C213A33160016CE9B /* Release */ = {
			isa = XCBuildConfiguration;
			baseConfigurationReference = 10F7A17BD4CF10DA01D94617 /* Pods-ComparisonOfMetalAndOpenCV.release.xcconfig */;
			buildSettings = {
				ASSETCATALOG_COMPILER_APPICON_NAME = AppIcon;
				CLANG_ENABLE_MODULES = YES;
				CODE_SIGN_STYLE = Automatic;
				DEVELOPMENT_TEAM = TXFV3DH636;
				INFOPLIST_FILE = ComparisonOfMetalAndOpenCV/Info.plist;
				LD_RUNPATH_SEARCH_PATHS = (
					"$(inherited)",
					"@executable_path/Frameworks",
				);
				PRODUCT_BUNDLE_IDENTIFIER = "co.kotetu.app.sample.metal-opencv";
				PRODUCT_NAME = "Metal and CV";
				SWIFT_OBJC_BRIDGING_HEADER = "ComparisonOfMetalAndOpenCV/Source/ComparisonOfMetalAndOpenCV-Bridging-Header.h";
				SWIFT_VERSION = 4.2;
				TARGETED_DEVICE_FAMILY = "1,2";
			};
			name = Release;
		};
		9CD2B64E213A33160016CE9B /* Debug */ = {
			isa = XCBuildConfiguration;
			baseConfigurationReference = BC54DE2782984E2C7EF8CA93 /* Pods-ComparisonOfMetalAndOpenCVTests.debug.xcconfig */;
			buildSettings = {
				ALWAYS_EMBED_SWIFT_STANDARD_LIBRARIES = YES;
				BUNDLE_LOADER = "$(TEST_HOST)";
				CODE_SIGN_STYLE = Automatic;
				DEVELOPMENT_TEAM = TXFV3DH636;
				INFOPLIST_FILE = ComparisonOfMetalAndOpenCVTests/Info.plist;
				LD_RUNPATH_SEARCH_PATHS = (
					"$(inherited)",
					"@executable_path/Frameworks",
					"@loader_path/Frameworks",
				);
				PRODUCT_BUNDLE_IDENTIFIER = "co.kotetu.app.sample.metal-opencv.ComparisonOfMetalAndOpenCVTests";
				PRODUCT_NAME = "$(TARGET_NAME)";
				SWIFT_VERSION = 4.2;
				TARGETED_DEVICE_FAMILY = "1,2";
				TEST_HOST = "$(BUILT_PRODUCTS_DIR)/ComparisonOfMetalAndOpenCV.app/ComparisonOfMetalAndOpenCV";
			};
			name = Debug;
		};
		9CD2B64F213A33160016CE9B /* Release */ = {
			isa = XCBuildConfiguration;
			baseConfigurationReference = EB8C39A4B6291E7F52ABA66D /* Pods-ComparisonOfMetalAndOpenCVTests.release.xcconfig */;
			buildSettings = {
				ALWAYS_EMBED_SWIFT_STANDARD_LIBRARIES = YES;
				BUNDLE_LOADER = "$(TEST_HOST)";
				CODE_SIGN_STYLE = Automatic;
				DEVELOPMENT_TEAM = TXFV3DH636;
				INFOPLIST_FILE = ComparisonOfMetalAndOpenCVTests/Info.plist;
				LD_RUNPATH_SEARCH_PATHS = (
					"$(inherited)",
					"@executable_path/Frameworks",
					"@loader_path/Frameworks",
				);
				PRODUCT_BUNDLE_IDENTIFIER = "co.kotetu.app.sample.metal-opencv.ComparisonOfMetalAndOpenCVTests";
				PRODUCT_NAME = "$(TARGET_NAME)";
				SWIFT_VERSION = 4.2;
				TARGETED_DEVICE_FAMILY = "1,2";
				TEST_HOST = "$(BUILT_PRODUCTS_DIR)/ComparisonOfMetalAndOpenCV.app/ComparisonOfMetalAndOpenCV";
			};
			name = Release;
		};
		9CD2B651213A33160016CE9B /* Debug */ = {
			isa = XCBuildConfiguration;
			baseConfigurationReference = 49C7743D57137AA6EC389726 /* Pods-ComparisonOfMetalAndOpenCVUITests.debug.xcconfig */;
			buildSettings = {
				ALWAYS_EMBED_SWIFT_STANDARD_LIBRARIES = YES;
				CODE_SIGN_STYLE = Automatic;
				DEVELOPMENT_TEAM = TXFV3DH636;
				INFOPLIST_FILE = ComparisonOfMetalAndOpenCVUITests/Info.plist;
				LD_RUNPATH_SEARCH_PATHS = (
					"$(inherited)",
					"@executable_path/Frameworks",
					"@loader_path/Frameworks",
				);
				PRODUCT_BUNDLE_IDENTIFIER = "co.kotetu.app.sample.metal-opencv.ComparisonOfMetalAndOpenCVUITests";
				PRODUCT_NAME = "$(TARGET_NAME)";
				SWIFT_VERSION = 4.2;
				TARGETED_DEVICE_FAMILY = "1,2";
				TEST_TARGET_NAME = ComparisonOfMetalAndOpenCV;
			};
			name = Debug;
		};
		9CD2B652213A33160016CE9B /* Release */ = {
			isa = XCBuildConfiguration;
			baseConfigurationReference = 3E1C9E79825B7C6161B1DD60 /* Pods-ComparisonOfMetalAndOpenCVUITests.release.xcconfig */;
			buildSettings = {
				ALWAYS_EMBED_SWIFT_STANDARD_LIBRARIES = YES;
				CODE_SIGN_STYLE = Automatic;
				DEVELOPMENT_TEAM = TXFV3DH636;
				INFOPLIST_FILE = ComparisonOfMetalAndOpenCVUITests/Info.plist;
				LD_RUNPATH_SEARCH_PATHS = (
					"$(inherited)",
					"@executable_path/Frameworks",
					"@loader_path/Frameworks",
				);
				PRODUCT_BUNDLE_IDENTIFIER = "co.kotetu.app.sample.metal-opencv.ComparisonOfMetalAndOpenCVUITests";
				PRODUCT_NAME = "$(TARGET_NAME)";
				SWIFT_VERSION = 4.2;
				TARGETED_DEVICE_FAMILY = "1,2";
				TEST_TARGET_NAME = ComparisonOfMetalAndOpenCV;
			};
			name = Release;
		};
/* End XCBuildConfiguration section */

/* Begin XCConfigurationList section */
		9CD2B61D213A33140016CE9B /* Build configuration list for PBXProject "ComparisonOfMetalAndOpenCV" */ = {
			isa = XCConfigurationList;
			buildConfigurations = (
				9CD2B648213A33160016CE9B /* Debug */,
				9CD2B649213A33160016CE9B /* Release */,
			);
			defaultConfigurationIsVisible = 0;
			defaultConfigurationName = Release;
		};
		9CD2B64A213A33160016CE9B /* Build configuration list for PBXNativeTarget "ComparisonOfMetalAndOpenCV" */ = {
			isa = XCConfigurationList;
			buildConfigurations = (
				9CD2B64B213A33160016CE9B /* Debug */,
				9CD2B64C213A33160016CE9B /* Release */,
			);
			defaultConfigurationIsVisible = 0;
			defaultConfigurationName = Release;
		};
		9CD2B64D213A33160016CE9B /* Build configuration list for PBXNativeTarget "ComparisonOfMetalAndOpenCVTests" */ = {
			isa = XCConfigurationList;
			buildConfigurations = (
				9CD2B64E213A33160016CE9B /* Debug */,
				9CD2B64F213A33160016CE9B /* Release */,
			);
			defaultConfigurationIsVisible = 0;
			defaultConfigurationName = Release;
		};
		9CD2B650213A33160016CE9B /* Build configuration list for PBXNativeTarget "ComparisonOfMetalAndOpenCVUITests" */ = {
			isa = XCConfigurationList;
			buildConfigurations = (
				9CD2B651213A33160016CE9B /* Debug */,
				9CD2B652213A33160016CE9B /* Release */,
			);
			defaultConfigurationIsVisible = 0;
			defaultConfigurationName = Release;
		};
/* End XCConfigurationList section */
	};
	rootObject = 9CD2B61A213A33140016CE9B /* Project object */;
}
